
Microsoft Visual Studio Solution File, Format Version 12.00
# Visual Studio Version 17
VisualStudioVersion = 17.0.31903.59
MinimumVisualStudioVersion = 10.0.40219.1
Project("{2150E333-8FDC-42A3-9474-1A3956D46DE8}") = "src", "src", "{EE7066BB-3715-4994-A90B-538BEBD4FB54}"
EndProject
Project("{FAE04EC0-301F-11D3-BF4B-00C04F79EFBC}") = "Test-SubModules-Console-App", "src\Test-SubModules-Console-App\Test-SubModules-Console-App.csproj", "{455054EA-5E8A-4B08-8BF5-FDA0708B3F4E}"
EndProject
Global
	GlobalSection(SolutionConfigurationPlatforms) = preSolution
		Debug|Any CPU = Debug|Any CPU
		Release|Any CPU = Release|Any CPU
	EndGlobalSection
	GlobalSection(SolutionProperties) = preSolution
		HideSolutionNode = FALSE
	EndGlobalSection
	GlobalSection(ProjectConfigurationPlatforms) = postSolution
		{455054EA-5E8A-4B08-8BF5-FDA0708B3F4E}.Debug|Any CPU.ActiveCfg = Debug|Any CPU
		{455054EA-5E8A-4B08-8BF5-FDA0708B3F4E}.Debug|Any CPU.Build.0 = Debug|Any CPU
		{455054EA-5E8A-4B08-8BF5-FDA0708B3F4E}.Release|Any CPU.ActiveCfg = Release|Any CPU
		{455054EA-5E8A-4B08-8BF5-FDA0708B3F4E}.Release|Any CPU.Build.0 = Release|Any CPU
	EndGlobalSection
	GlobalSection(NestedProjects) = preSolution
		{455054EA-5E8A-4B08-8BF5-FDA0708B3F4E} = {EE7066BB-3715-4994-A90B-538BEBD4FB54}
	EndGlobalSection
EndGlobal
